
Microsoft Visual Studio Solution File, Format Version 12.00
# Visual Studio Version 16
VisualStudioVersion = 16.0.31829.152
MinimumVisualStudioVersion = 10.0.40219.1
Project("{888888A0-9F3D-457C-B088-3A5042F75D52}") = "Scheduler", "Scheduler\Scheduler.pyproj", "{0FC83325-14E0-4931-B0E1-19A76FC58DBF}"
EndProject
Global
	GlobalSection(SolutionConfigurationPlatforms) = preSolution
		Debug|Any CPU = Debug|Any CPU
		Release|Any CPU = Release|Any CPU
	EndGlobalSection
	GlobalSection(ProjectConfigurationPlatforms) = postSolution
		{0FC83325-14E0-4931-B0E1-19A76FC58DBF}.Debug|Any CPU.ActiveCfg = Debug|Any CPU
		{0FC83325-14E0-4931-B0E1-19A76FC58DBF}.Release|Any CPU.ActiveCfg = Release|Any CPU
	EndGlobalSection
	GlobalSection(SolutionProperties) = preSolution
		HideSolutionNode = FALSE
	EndGlobalSection
	GlobalSection(ExtensibilityGlobals) = postSolution
		SolutionGuid = {6AA58192-F099-48F2-8626-C5F84CD5B885}
	EndGlobalSection
EndGlobal
